# This file is automatically @generated by Wally.
# It is not intended for manual editing.
registry = "test"

[[package]]
name = "averyark/adk"
version = "2.0.1"
dependencies = [["BoatTween", "penguindevs/boattween@1.0.1"], ["Janitor", "howmanysmall/janitor@1.14.2"], ["ProfileService", "brittonfischer/profileservice@2.1.5"], ["Promise", "evaera/promise@4.0.0"], ["Red", "uncontained0/red@1.2.2"], ["Signal", "sleitnick/signal@1.2.1"], ["TableUtil", "tpc9000/tableutil@0.1.1"], ["t", "osyrisrblx/t@3.0.0"]]

[[package]]
name = "averyark/wip"
version = "0.0.1"
dependencies = [["Astrax", "averyark/adk@2.0.1"], ["Janitor", "howmanysmall/janitor@1.14.2"], ["Promise", "evaera/promise@4.0.0"], ["Red", "uncontained0/red@1.2.2"], ["Signal", "sleitnick/signal@1.2.1"], ["TableUtil", "tpc9000/tableutil@0.1.1"], ["t", "osyrisrblx/t@3.0.0"]]

[[package]]
name = "brittonfischer/profileservice"
version = "2.1.5"
dependencies = []

[[package]]
name = "evaera/promise"
version = "4.0.0"
dependencies = []

[[package]]
name = "howmanysmall/janitor"
version = "1.14.2"
dependencies = []

[[package]]
name = "osyrisrblx/t"
version = "3.0.0"
dependencies = []

[[package]]
name = "penguindevs/boattween"
version = "1.0.1"
dependencies = []

[[package]]
name = "sleitnick/signal"
version = "1.2.1"
dependencies = []

[[package]]
name = "tpc9000/tableutil"
version = "0.1.1"
dependencies = []

[[package]]
name = "uncontained0/red"
version = "1.2.2"
dependencies = []
